PODS:
  - MPITextKit (0.2.4)
  - YYImage (1.0.4):
    - YYImage/Core (= 1.0.4)
  - YYImage/Core (1.0.4)

DEPENDENCIES:
  - MPITextKit (from `../`)
  - YYImage

SPEC REPOS:
  https://github.com/CocoaPods/Specs.git:
    - YYImage

EXTERNAL SOURCES:
  MPITextKit:
    :path: "../"

SPEC CHECKSUMS:
  MPITextKit: e9b17481ce626c6298be148c4ccea2ee872bc9a5
  YYImage: 1e1b62a9997399593e4b9c4ecfbbabbf1d3f3b54

PODFILE CHECKSUM: 9cca02461ddd01cfc6deea5304d2f3a78a0397fd

COCOAPODS: 1.11.2
